// !$*UTF8*$!
{
	archiveVersion = 1;
	classes = {
	};
	objectVersion = 56;
	objects = {

/* Begin PBXBuildFile section */
		19458ED02A1C96C1000C4B84 /* LeagueScriptThin-LeagueScript.otf in Resources */ = {isa = PBXBuildFile; fileRef = 19458ECF2A1C96C1000C4B84 /* LeagueScriptThin-LeagueScript.otf */; };
		19458ED42A1C9928000C4B84 /* Font+.swift in Sources */ = {isa = PBXBuildFile; fileRef = 19458ED32A1C9928000C4B84 /* Font+.swift */; };
		199BBBD12A41B5EF00D18441 /* CameraViewModel.swift in Sources */ = {isa = PBXBuildFile; fileRef = 199BBBD02A41B5EF00D18441 /* CameraViewModel.swift */; };
		199BBBD32A41B67100D18441 /* CameraView.swift in Sources */ = {isa = PBXBuildFile; fileRef = 199BBBD22A41B67100D18441 /* CameraView.swift */; };
		199BBBD52A41E1B000D18441 /* CameraPreviewView.swift in Sources */ = {isa = PBXBuildFile; fileRef = 199BBBD42A41E1B000D18441 /* CameraPreviewView.swift */; };
		199BBBD72A41E2AA00D18441 /* Camera.swift in Sources */ = {isa = PBXBuildFile; fileRef = 199BBBD62A41E2AA00D18441 /* Camera.swift */; };
		199BBBD92A41E41B00D18441 /* OSLog+.swift in Sources */ = {isa = PBXBuildFile; fileRef = 199BBBD82A41E41B00D18441 /* OSLog+.swift */; };
		19C7F0232A129A10004D7148 /* DaguerreotypeApp.swift in Sources */ = {isa = PBXBuildFile; fileRef = 19C7F0222A129A10004D7148 /* DaguerreotypeApp.swift */; };
		19C7F0252A129A10004D7148 /* ContentView.swift in Sources */ = {isa = PBXBuildFile; fileRef = 19C7F0242A129A10004D7148 /* ContentView.swift */; };
		19C7F0272A129A11004D7148 /* Assets.xcassets in Resources */ = {isa = PBXBuildFile; fileRef = 19C7F0262A129A11004D7148 /* Assets.xcassets */; };
		19C7F02A2A129A11004D7148 /* Preview Assets.xcassets in Resources */ = {isa = PBXBuildFile; fileRef = 19C7F0292A129A11004D7148 /* Preview Assets.xcassets */; };
		19C7F0342A129A11004D7148 /* DaguerreotypeTests.swift in Sources */ = {isa = PBXBuildFile; fileRef = 19C7F0332A129A11004D7148 /* DaguerreotypeTests.swift */; };
		19C7F03E2A129A11004D7148 /* DaguerreotypeUITests.swift in Sources */ = {isa = PBXBuildFile; fileRef = 19C7F03D2A129A11004D7148 /* DaguerreotypeUITests.swift */; };
		19C7F0402A129A11004D7148 /* DaguerreotypeUITestsLaunchTests.swift in Sources */ = {isa = PBXBuildFile; fileRef = 19C7F03F2A129A11004D7148 /* DaguerreotypeUITestsLaunchTests.swift */; };
/* End PBXBuildFile section */

/* Begin PBXContainerItemProxy section */
		19C7F0302A129A11004D7148 /* PBXContainerItemProxy */ = {
			isa = PBXContainerItemProxy;
			containerPortal = 19C7F0172A129A10004D7148 /* Project object */;
			proxyType = 1;
			remoteGlobalIDString = 19C7F01E2A129A10004D7148;
			remoteInfo = Daguerreotype;
		};
		19C7F03A2A129A11004D7148 /* PBXContainerItemProxy */ = {
			isa = PBXContainerItemProxy;
			containerPortal = 19C7F0172A129A10004D7148 /* Project object */;
			proxyType = 1;
			remoteGlobalIDString = 19C7F01E2A129A10004D7148;
			remoteInfo = Daguerreotype;
		};
/* End PBXContainerItemProxy section */

/* Begin PBXFileReference section */
		19458ECF2A1C96C1000C4B84 /* LeagueScriptThin-LeagueScript.otf */ = {isa = PBXFileReference; lastKnownFileType = file; path = "LeagueScriptThin-LeagueScript.otf"; sourceTree = "<group>"; };
		19458ED12A1C98E0000C4B84 /* Info.plist */ = {isa = PBXFileReference; lastKnownFileType = text.plist; path = Info.plist; sourceTree = "<group>"; };
		19458ED32A1C9928000C4B84 /* Font+.swift */ = {isa = PBXFileReference; lastKnownFileType = sourcecode.swift; path = "Font+.swift"; sourceTree = "<group>"; };
		199BBBD02A41B5EF00D18441 /* CameraViewModel.swift */ = {isa = PBXFileReference; lastKnownFileType = sourcecode.swift; path = CameraViewModel.swift; sourceTree = "<group>"; };
		199BBBD22A41B67100D18441 /* CameraView.swift */ = {isa = PBXFileReference; lastKnownFileType = sourcecode.swift; path = CameraView.swift; sourceTree = "<group>"; };
		199BBBD42A41E1B000D18441 /* CameraPreviewView.swift */ = {isa = PBXFileReference; lastKnownFileType = sourcecode.swift; path = CameraPreviewView.swift; sourceTree = "<group>"; };
		199BBBD62A41E2AA00D18441 /* Camera.swift */ = {isa = PBXFileReference; lastKnownFileType = sourcecode.swift; path = Camera.swift; sourceTree = "<group>"; };
		199BBBD82A41E41B00D18441 /* OSLog+.swift */ = {isa = PBXFileReference; lastKnownFileType = sourcecode.swift; path = "OSLog+.swift"; sourceTree = "<group>"; };
		19C7F01F2A129A10004D7148 /* Daguerreotype.app */ = {isa = PBXFileReference; explicitFileType = wrapper.application; includeInIndex = 0; path = Daguerreotype.app; sourceTree = BUILT_PRODUCTS_DIR; };
		19C7F0222A129A10004D7148 /* DaguerreotypeApp.swift */ = {isa = PBXFileReference; lastKnownFileType = sourcecode.swift; path = DaguerreotypeApp.swift; sourceTree = "<group>"; };
		19C7F0242A129A10004D7148 /* ContentView.swift */ = {isa = PBXFileReference; lastKnownFileType = sourcecode.swift; path = ContentView.swift; sourceTree = "<group>"; };
		19C7F0262A129A11004D7148 /* Assets.xcassets */ = {isa = PBXFileReference; lastKnownFileType = folder.assetcatalog; path = Assets.xcassets; sourceTree = "<group>"; };
		19C7F0292A129A11004D7148 /* Preview Assets.xcassets */ = {isa = PBXFileReference; lastKnownFileType = folder.assetcatalog; path = "Preview Assets.xcassets"; sourceTree = "<group>"; };
		19C7F02F2A129A11004D7148 /* DaguerreotypeTests.xctest */ = {isa = PBXFileReference; explicitFileType = wrapper.cfbundle; includeInIndex = 0; path = DaguerreotypeTests.xctest; sourceTree = BUILT_PRODUCTS_DIR; };
		19C7F0332A129A11004D7148 /* DaguerreotypeTests.swift */ = {isa = PBXFileReference; lastKnownFileType = sourcecode.swift; path = DaguerreotypeTests.swift; sourceTree = "<group>"; };
		19C7F0392A129A11004D7148 /* DaguerreotypeUITests.xctest */ = {isa = PBXFileReference; explicitFileType = wrapper.cfbundle; includeInIndex = 0; path = DaguerreotypeUITests.xctest; sourceTree = BUILT_PRODUCTS_DIR; };
		19C7F03D2A129A11004D7148 /* DaguerreotypeUITests.swift */ = {isa = PBXFileReference; lastKnownFileType = sourcecode.swift; path = DaguerreotypeUITests.swift; sourceTree = "<group>"; };
		19C7F03F2A129A11004D7148 /* DaguerreotypeUITestsLaunchTests.swift */ = {isa = PBXFileReference; lastKnownFileType = sourcecode.swift; path = DaguerreotypeUITestsLaunchTests.swift; sourceTree = "<group>"; };
/* End PBXFileReference section */

/* Begin PBXFrameworksBuildPhase section */
		19C7F01C2A129A10004D7148 /* Frameworks */ = {
			isa = PBXFrameworksBuildPhase;
			buildActionMask = 2147483647;
			files = (
			);
			runOnlyForDeploymentPostprocessing = 0;
		};
		19C7F02C2A129A11004D7148 /* Frameworks */ = {
			isa = PBXFrameworksBuildPhase;
			buildActionMask = 2147483647;
			files = (
			);
			runOnlyForDeploymentPostprocessing = 0;
		};
		19C7F0362A129A11004D7148 /* Frameworks */ = {
			isa = PBXFrameworksBuildPhase;
			buildActionMask = 2147483647;
			files = (
			);
			runOnlyForDeploymentPostprocessing = 0;
		};
/* End PBXFrameworksBuildPhase section */

/* Begin PBXGroup section */
		19458ECD2A1C9693000C4B84 /* Resources */ = {
			isa = PBXGroup;
			children = (
				19458ECE2A1C96AF000C4B84 /* Fonts */,
				19C7F0262A129A11004D7148 /* Assets.xcassets */,
			);
			path = Resources;
			sourceTree = "<group>";
		};
		19458ECE2A1C96AF000C4B84 /* Fonts */ = {
			isa = PBXGroup;
			children = (
				19458ECF2A1C96C1000C4B84 /* LeagueScriptThin-LeagueScript.otf */,
			);
			path = Fonts;
			sourceTree = "<group>";
		};
		19458ED22A1C991F000C4B84 /* Extensions */ = {
			isa = PBXGroup;
			children = (
				19458ED32A1C9928000C4B84 /* Font+.swift */,
			);
			path = Extensions;
			sourceTree = "<group>";
		};
		19C7F0162A129A10004D7148 = {
			isa = PBXGroup;
			children = (
				19C7F0212A129A10004D7148 /* Daguerreotype */,
				19C7F0322A129A11004D7148 /* DaguerreotypeTests */,
				19C7F03C2A129A11004D7148 /* DaguerreotypeUITests */,
				19C7F0202A129A10004D7148 /* Products */,
			);
			sourceTree = "<group>";
		};
		19C7F0202A129A10004D7148 /* Products */ = {
			isa = PBXGroup;
			children = (
				19C7F01F2A129A10004D7148 /* Daguerreotype.app */,
				19C7F02F2A129A11004D7148 /* DaguerreotypeTests.xctest */,
				19C7F0392A129A11004D7148 /* DaguerreotypeUITests.xctest */,
			);
			name = Products;
			sourceTree = "<group>";
		};
		19C7F0212A129A10004D7148 /* Daguerreotype */ = {
			isa = PBXGroup;
			children = (
				19458ED22A1C991F000C4B84 /* Extensions */,
				19458ED12A1C98E0000C4B84 /* Info.plist */,
				19C7F0222A129A10004D7148 /* DaguerreotypeApp.swift */,
				19C7F0242A129A10004D7148 /* ContentView.swift */,
				199BBBD02A41B5EF00D18441 /* CameraViewModel.swift */,
				199BBBD22A41B67100D18441 /* CameraView.swift */,
				19458ECD2A1C9693000C4B84 /* Resources */,
				19C7F0282A129A11004D7148 /* Preview Content */,
				199BBBD42A41E1B000D18441 /* CameraPreviewView.swift */,
				199BBBD62A41E2AA00D18441 /* Camera.swift */,
				199BBBD82A41E41B00D18441 /* OSLog+.swift */,
			);
			path = Daguerreotype;
			sourceTree = "<group>";
		};
		19C7F0282A129A11004D7148 /* Preview Content */ = {
			isa = PBXGroup;
			children = (
				19C7F0292A129A11004D7148 /* Preview Assets.xcassets */,
			);
			path = "Preview Content";
			sourceTree = "<group>";
		};
		19C7F0322A129A11004D7148 /* DaguerreotypeTests */ = {
			isa = PBXGroup;
			children = (
				19C7F0332A129A11004D7148 /* DaguerreotypeTests.swift */,
			);
			path = DaguerreotypeTests;
			sourceTree = "<group>";
		};
		19C7F03C2A129A11004D7148 /* DaguerreotypeUITests */ = {
			isa = PBXGroup;
			children = (
				19C7F03D2A129A11004D7148 /* DaguerreotypeUITests.swift */,
				19C7F03F2A129A11004D7148 /* DaguerreotypeUITestsLaunchTests.swift */,
			);
			path = DaguerreotypeUITests;
			sourceTree = "<group>";
		};
/* End PBXGroup section */

/* Begin PBXNativeTarget section */
		19C7F01E2A129A10004D7148 /* Daguerreotype */ = {
			isa = PBXNativeTarget;
			buildConfigurationList = 19C7F0432A129A11004D7148 /* Build configuration list for PBXNativeTarget "Daguerreotype" */;
			buildPhases = (
				19C7F01B2A129A10004D7148 /* Sources */,
				19C7F01C2A129A10004D7148 /* Frameworks */,
				19C7F01D2A129A10004D7148 /* Resources */,
			);
			buildRules = (
			);
			dependencies = (
			);
			name = Daguerreotype;
			productName = Daguerreotype;
			productReference = 19C7F01F2A129A10004D7148 /* Daguerreotype.app */;
			productType = "com.apple.product-type.application";
		};
		19C7F02E2A129A11004D7148 /* DaguerreotypeTests */ = {
			isa = PBXNativeTarget;
			buildConfigurationList = 19C7F0462A129A11004D7148 /* Build configuration list for PBXNativeTarget "DaguerreotypeTests" */;
			buildPhases = (
				19C7F02B2A129A11004D7148 /* Sources */,
				19C7F02C2A129A11004D7148 /* Frameworks */,
				19C7F02D2A129A11004D7148 /* Resources */,
			);
			buildRules = (
			);
			dependencies = (
				19C7F0312A129A11004D7148 /* PBXTargetDependency */,
			);
			name = DaguerreotypeTests;
			productName = DaguerreotypeTests;
			productReference = 19C7F02F2A129A11004D7148 /* DaguerreotypeTests.xctest */;
			productType = "com.apple.product-type.bundle.unit-test";
		};
		19C7F0382A129A11004D7148 /* DaguerreotypeUITests */ = {
			isa = PBXNativeTarget;
			buildConfigurationList = 19C7F0492A129A11004D7148 /* Build configuration list for PBXNativeTarget "DaguerreotypeUITests" */;
			buildPhases = (
				19C7F0352A129A11004D7148 /* Sources */,
				19C7F0362A129A11004D7148 /* Frameworks */,
				19C7F0372A129A11004D7148 /* Resources */,
			);
			buildRules = (
			);
			dependencies = (
				19C7F03B2A129A11004D7148 /* PBXTargetDependency */,
			);
			name = DaguerreotypeUITests;
			productName = DaguerreotypeUITests;
			productReference = 19C7F0392A129A11004D7148 /* DaguerreotypeUITests.xctest */;
			productType = "com.apple.product-type.bundle.ui-testing";
		};
/* End PBXNativeTarget section */

/* Begin PBXProject section */
		19C7F0172A129A10004D7148 /* Project object */ = {
			isa = PBXProject;
			attributes = {
				BuildIndependentTargetsInParallel = 1;
				LastSwiftUpdateCheck = 1430;
				LastUpgradeCheck = 1430;
				TargetAttributes = {
					19C7F01E2A129A10004D7148 = {
						CreatedOnToolsVersion = 14.3;
					};
					19C7F02E2A129A11004D7148 = {
						CreatedOnToolsVersion = 14.3;
						TestTargetID = 19C7F01E2A129A10004D7148;
					};
					19C7F0382A129A11004D7148 = {
						CreatedOnToolsVersion = 14.3;
						TestTargetID = 19C7F01E2A129A10004D7148;
					};
				};
			};
			buildConfigurationList = 19C7F01A2A129A10004D7148 /* Build configuration list for PBXProject "Daguerreotype" */;
			compatibilityVersion = "Xcode 14.0";
			developmentRegion = en;
			hasScannedForEncodings = 0;
			knownRegions = (
				en,
				Base,
			);
			mainGroup = 19C7F0162A129A10004D7148;
			productRefGroup = 19C7F0202A129A10004D7148 /* Products */;
			projectDirPath = "";
			projectRoot = "";
			targets = (
				19C7F01E2A129A10004D7148 /* Daguerreotype */,
				19C7F02E2A129A11004D7148 /* DaguerreotypeTests */,
				19C7F0382A129A11004D7148 /* DaguerreotypeUITests */,
			);
		};
/* End PBXProject section */

/* Begin PBXResourcesBuildPhase section */
		19C7F01D2A129A10004D7148 /* Resources */ = {
			isa = PBXResourcesBuildPhase;
			buildActionMask = 2147483647;
			files = (
				19C7F02A2A129A11004D7148 /* Preview Assets.xcassets in Resources */,
				19C7F0272A129A11004D7148 /* Assets.xcassets in Resources */,
				19458ED02A1C96C1000C4B84 /* LeagueScriptThin-LeagueScript.otf in Resources */,
			);
			runOnlyForDeploymentPostprocessing = 0;
		};
		19C7F02D2A129A11004D7148 /* Resources */ = {
			isa = PBXResourcesBuildPhase;
			buildActionMask = 2147483647;
			files = (
			);
			runOnlyForDeploymentPostprocessing = 0;
		};
		19C7F0372A129A11004D7148 /* Resources */ = {
			isa = PBXResourcesBuildPhase;
			buildActionMask = 2147483647;
			files = (
			);
			runOnlyForDeploymentPostprocessing = 0;
		};
/* End PBXResourcesBuildPhase section */

/* Begin PBXSourcesBuildPhase section */
		19C7F01B2A129A10004D7148 /* Sources */ = {
			isa = PBXSourcesBuildPhase;
			buildActionMask = 2147483647;
			files = (
				19C7F0252A129A10004D7148 /* ContentView.swift in Sources */,
				19C7F0232A129A10004D7148 /* DaguerreotypeApp.swift in Sources */,
				199BBBD52A41E1B000D18441 /* CameraPreviewView.swift in Sources */,
				19458ED42A1C9928000C4B84 /* Font+.swift in Sources */,
				199BBBD32A41B67100D18441 /* CameraView.swift in Sources */,
				199BBBD72A41E2AA00D18441 /* Camera.swift in Sources */,
				199BBBD92A41E41B00D18441 /* OSLog+.swift in Sources */,
				199BBBD12A41B5EF00D18441 /* CameraViewModel.swift in Sources */,
			);
			runOnlyForDeploymentPostprocessing = 0;
		};
		19C7F02B2A129A11004D7148 /* Sources */ = {
			isa = PBXSourcesBuildPhase;
			buildActionMask = 2147483647;
			files = (
				19C7F0342A129A11004D7148 /* DaguerreotypeTests.swift in Sources */,
			);
			runOnlyForDeploymentPostprocessing = 0;
		};
		19C7F0352A129A11004D7148 /* Sources */ = {
			isa = PBXSourcesBuildPhase;
			buildActionMask = 2147483647;
			files = (
				19C7F03E2A129A11004D7148 /* DaguerreotypeUITests.swift in Sources */,
				19C7F0402A129A11004D7148 /* DaguerreotypeUITestsLaunchTests.swift in Sources */,
			);
			runOnlyForDeploymentPostprocessing = 0;
		};
/* End PBXSourcesBuildPhase section */

/* Begin PBXTargetDependency section */
		19C7F0312A129A11004D7148 /* PBXTargetDependency */ = {
			isa = PBXTargetDependency;
			target = 19C7F01E2A129A10004D7148 /* Daguerreotype */;
			targetProxy = 19C7F0302A129A11004D7148 /* PBXContainerItemProxy */;
		};
		19C7F03B2A129A11004D7148 /* PBXTargetDependency */ = {
			isa = PBXTargetDependency;
			target = 19C7F01E2A129A10004D7148 /* Daguerreotype */;
			targetProxy = 19C7F03A2A129A11004D7148 /* PBXContainerItemProxy */;
		};
/* End PBXTargetDependency section */

/* Begin XCBuildConfiguration section */
		19C7F0412A129A11004D7148 /* Debug */ = {
			isa = XCBuildConfiguration;
			buildSettings = {
				ALWAYS_SEARCH_USER_PATHS = NO;
				CLANG_ANALYZER_NONNULL = YES;
				CLANG_ANALYZER_NUMBER_OBJECT_CONVERSION = YES_AGGRESSIVE;
				CLANG_CXX_LANGUAGE_STANDARD = "gnu++20";
				CLANG_ENABLE_MODULES = YES;
				CLANG_ENABLE_OBJC_ARC = YES;
				CLANG_ENABLE_OBJC_WEAK = YES;
				CLANG_WARN_BLOCK_CAPTURE_AUTORELEASING = YES;
				CLANG_WARN_BOOL_CONVERSION = YES;
				CLANG_WARN_COMMA = YES;
				CLANG_WARN_CONSTANT_CONVERSION = YES;
				CLANG_WARN_DEPRECATED_OBJC_IMPLEMENTATIONS = YES;
				CLANG_WARN_DIRECT_OBJC_ISA_USAGE = YES_ERROR;
				CLANG_WARN_DOCUMENTATION_COMMENTS = YES;
				CLANG_WARN_EMPTY_BODY = YES;
				CLANG_WARN_ENUM_CONVERSION = YES;
				CLANG_WARN_INFINITE_RECURSION = YES;
				CLANG_WARN_INT_CONVERSION = YES;
				CLANG_WARN_NON_LITERAL_NULL_CONVERSION = YES;
				CLANG_WARN_OBJC_IMPLICIT_RETAIN_SELF = YES;
				CLANG_WARN_OBJC_LITERAL_CONVERSION = YES;
				CLANG_WARN_OBJC_ROOT_CLASS = YES_ERROR;
				CLANG_WARN_QUOTED_INCLUDE_IN_FRAMEWORK_HEADER = YES;
				CLANG_WARN_RANGE_LOOP_ANALYSIS = YES;
				CLANG_WARN_STRICT_PROTOTYPES = YES;
				CLANG_WARN_SUSPICIOUS_MOVE = YES;
				CLANG_WARN_UNGUARDED_AVAILABILITY = YES_AGGRESSIVE;
				CLANG_WARN_UNREACHABLE_CODE = YES;
				CLANG_WARN__DUPLICATE_METHOD_MATCH = YES;
				COPY_PHASE_STRIP = NO;
				DEBUG_INFORMATION_FORMAT = dwarf;
				ENABLE_STRICT_OBJC_MSGSEND = YES;
				ENABLE_TESTABILITY = YES;
				GCC_C_LANGUAGE_STANDARD = gnu11;
				GCC_DYNAMIC_NO_PIC = NO;
				GCC_NO_COMMON_BLOCKS = YES;
				GCC_OPTIMIZATION_LEVEL = 0;
				GCC_PREPROCESSOR_DEFINITIONS = (
					"DEBUG=1",
					"$(inherited)",
				);
				GCC_WARN_64_TO_32_BIT_CONVERSION = YES;
				GCC_WARN_ABOUT_RETURN_TYPE = YES_ERROR;
				GCC_WARN_UNDECLARED_SELECTOR = YES;
				GCC_WARN_UNINITIALIZED_AUTOS = YES_AGGRESSIVE;
				GCC_WARN_UNUSED_FUNCTION = YES;
				GCC_WARN_UNUSED_VARIABLE = YES;
				IPHONEOS_DEPLOYMENT_TARGET = 16.4;
				MTL_ENABLE_DEBUG_INFO = INCLUDE_SOURCE;
				MTL_FAST_MATH = YES;
				ONLY_ACTIVE_ARCH = YES;
				SDKROOT = iphoneos;
				SWIFT_ACTIVE_COMPILATION_CONDITIONS = DEBUG;
				SWIFT_OPTIMIZATION_LEVEL = "-Onone";
			};
			name = Debug;
		};
		19C7F0422A129A11004D7148 /* Release */ = {
			isa = XCBuildConfiguration;
			buildSettings = {
				ALWAYS_SEARCH_USER_PATHS = NO;
				CLANG_ANALYZER_NONNULL = YES;
				CLANG_ANALYZER_NUMBER_OBJECT_CONVERSION = YES_AGGRESSIVE;
				CLANG_CXX_LANGUAGE_STANDARD = "gnu++20";
				CLANG_ENABLE_MODULES = YES;
				CLANG_ENABLE_OBJC_ARC = YES;
				CLANG_ENABLE_OBJC_WEAK = YES;
				CLANG_WARN_BLOCK_CAPTURE_AUTORELEASING = YES;
				CLANG_WARN_BOOL_CONVERSION = YES;
				CLANG_WARN_COMMA = YES;
				CLANG_WARN_CONSTANT_CONVERSION = YES;
				CLANG_WARN_DEPRECATED_OBJC_IMPLEMENTATIONS = YES;
				CLANG_WARN_DIRECT_OBJC_ISA_USAGE = YES_ERROR;
				CLANG_WARN_DOCUMENTATION_COMMENTS = YES;
				CLANG_WARN_EMPTY_BODY = YES;
				CLANG_WARN_ENUM_CONVERSION = YES;
				CLANG_WARN_INFINITE_RECURSION = YES;
				CLANG_WARN_INT_CONVERSION = YES;
				CLANG_WARN_NON_LITERAL_NULL_CONVERSION = YES;
				CLANG_WARN_OBJC_IMPLICIT_RETAIN_SELF = YES;
				CLANG_WARN_OBJC_LITERAL_CONVERSION = YES;
				CLANG_WARN_OBJC_ROOT_CLASS = YES_ERROR;
				CLANG_WARN_QUOTED_INCLUDE_IN_FRAMEWORK_HEADER = YES;
				CLANG_WARN_RANGE_LOOP_ANALYSIS = YES;
				CLANG_WARN_STRICT_PROTOTYPES = YES;
				CLANG_WARN_SUSPICIOUS_MOVE = YES;
				CLANG_WARN_UNGUARDED_AVAILABILITY = YES_AGGRESSIVE;
				CLANG_WARN_UNREACHABLE_CODE = YES;
				CLANG_WARN__DUPLICATE_METHOD_MATCH = YES;
				COPY_PHASE_STRIP = NO;
				DEBUG_INFORMATION_FORMAT = "dwarf-with-dsym";
				ENABLE_NS_ASSERTIONS = NO;
				ENABLE_STRICT_OBJC_MSGSEND = YES;
				GCC_C_LANGUAGE_STANDARD = gnu11;
				GCC_NO_COMMON_BLOCKS = YES;
				GCC_WARN_64_TO_32_BIT_CONVERSION = YES;
				GCC_WARN_ABOUT_RETURN_TYPE = YES_ERROR;
				GCC_WARN_UNDECLARED_SELECTOR = YES;
				GCC_WARN_UNINITIALIZED_AUTOS = YES_AGGRESSIVE;
				GCC_WARN_UNUSED_FUNCTION = YES;
				GCC_WARN_UNUSED_VARIABLE = YES;
				IPHONEOS_DEPLOYMENT_TARGET = 16.4;
				MTL_ENABLE_DEBUG_INFO = NO;
				MTL_FAST_MATH = YES;
				SDKROOT = iphoneos;
				SWIFT_COMPILATION_MODE = wholemodule;
				SWIFT_OPTIMIZATION_LEVEL = "-O";
				VALIDATE_PRODUCT = YES;
			};
			name = Release;
		};
		19C7F0442A129A11004D7148 /* Debug */ = {
			isa = XCBuildConfiguration;
			buildSettings = {
				ASSETCATALOG_COMPILER_APPICON_NAME = AppIcon;
				ASSETCATALOG_COMPILER_GLOBAL_ACCENT_COLOR_NAME = AccentColor;
				CODE_SIGN_STYLE = Automatic;
				CURRENT_PROJECT_VERSION = 1;
				DEVELOPMENT_ASSET_PATHS = "\"Daguerreotype/Preview Content\"";
				DEVELOPMENT_TEAM = K2VAN9GH96;
				ENABLE_PREVIEWS = YES;
				GENERATE_INFOPLIST_FILE = YES;
				INFOPLIST_FILE = Daguerreotype/Info.plist;
				INFOPLIST_KEY_UIApplicationSceneManifest_Generation = YES;
				INFOPLIST_KEY_UIApplicationSupportsIndirectInputEvents = YES;
				INFOPLIST_KEY_UILaunchScreen_Generation = YES;
				INFOPLIST_KEY_UISupportedInterfaceOrientations_iPad = "UIInterfaceOrientationPortrait UIInterfaceOrientationPortraitUpsideDown UIInterfaceOrientationLandscapeLeft UIInterfaceOrientationLandscapeRight";
				INFOPLIST_KEY_UISupportedInterfaceOrientations_iPhone = "UIInterfaceOrientationPortrait UIInterfaceOrientationLandscapeLeft UIInterfaceOrientationLandscapeRight";
				LD_RUNPATH_SEARCH_PATHS = (
					"$(inherited)",
					"@executable_path/Frameworks",
				);
				MARKETING_VERSION = 1.0;
				PRODUCT_BUNDLE_IDENTIFIER = com.loinsir.Daguerreotype;
				PRODUCT_NAME = "$(TARGET_NAME)";
				SWIFT_EMIT_LOC_STRINGS = YES;
				SWIFT_VERSION = 5.0;
				TARGETED_DEVICE_FAMILY = "1,2";
			};
			name = Debug;
		};
		19C7F0452A129A11004D7148 /* Release */ = {
			isa = XCBuildConfiguration;
			buildSettings = {
				ASSETCATALOG_COMPILER_APPICON_NAME = AppIcon;
				ASSETCATALOG_COMPILER_GLOBAL_ACCENT_COLOR_NAME = AccentColor;
				CODE_SIGN_STYLE = Automatic;
				CURRENT_PROJECT_VERSION = 1;
				DEVELOPMENT_ASSET_PATHS = "\"Daguerreotype/Preview Content\"";
				DEVELOPMENT_TEAM = K2VAN9GH96;
				ENABLE_PREVIEWS = YES;
				GENERATE_INFOPLIST_FILE = YES;
				INFOPLIST_FILE = Daguerreotype/Info.plist;
				INFOPLIST_KEY_UIApplicationSceneManifest_Generation = YES;
				INFOPLIST_KEY_UIApplicationSupportsIndirectInputEvents = YES;
				INFOPLIST_KEY_UILaunchScreen_Generation = YES;
				INFOPLIST_KEY_UISupportedInterfaceOrientations_iPad = "UIInterfaceOrientationPortrait UIInterfaceOrientationPortraitUpsideDown UIInterfaceOrientationLandscapeLeft UIInterfaceOrientationLandscapeRight";
				INFOPLIST_KEY_UISupportedInterfaceOrientations_iPhone = "UIInterfaceOrientationPortrait UIInterfaceOrientationLandscapeLeft UIInterfaceOrientationLandscapeRight";
				LD_RUNPATH_SEARCH_PATHS = (
					"$(inherited)",
					"@executable_path/Frameworks",
				);
				MARKETING_VERSION = 1.0;
				PRODUCT_BUNDLE_IDENTIFIER = com.loinsir.Daguerreotype;
				PRODUCT_NAME = "$(TARGET_NAME)";
				SWIFT_EMIT_LOC_STRINGS = YES;
				SWIFT_VERSION = 5.0;
				TARGETED_DEVICE_FAMILY = "1,2";
			};
			name = Release;
		};
		19C7F0472A129A11004D7148 /* Debug */ = {
			isa = XCBuildConfiguration;
			buildSettings = {
				ALWAYS_EMBED_SWIFT_STANDARD_LIBRARIES = YES;
				BUNDLE_LOADER = "$(TEST_HOST)";
				CODE_SIGN_STYLE = Automatic;
				CURRENT_PROJECT_VERSION = 1;
				DEVELOPMENT_TEAM = K2VAN9GH96;
				GENERATE_INFOPLIST_FILE = YES;
				IPHONEOS_DEPLOYMENT_TARGET = 16.4;
				MARKETING_VERSION = 1.0;
				PRODUCT_BUNDLE_IDENTIFIER = com.loinsir.DaguerreotypeTests;
				PRODUCT_NAME = "$(TARGET_NAME)";
				SWIFT_EMIT_LOC_STRINGS = NO;
				SWIFT_VERSION = 5.0;
				TARGETED_DEVICE_FAMILY = "1,2";
				TEST_HOST = "$(BUILT_PRODUCTS_DIR)/Daguerreotype.app/$(BUNDLE_EXECUTABLE_FOLDER_PATH)/Daguerreotype";
			};
			name = Debug;
		};
		19C7F0482A129A11004D7148 /* Release */ = {
			isa = XCBuildConfiguration;
			buildSettings = {
				ALWAYS_EMBED_SWIFT_STANDARD_LIBRARIES = YES;
				BUNDLE_LOADER = "$(TEST_HOST)";
				CODE_SIGN_STYLE = Automatic;
				CURRENT_PROJECT_VERSION = 1;
				DEVELOPMENT_TEAM = K2VAN9GH96;
				GENERATE_INFOPLIST_FILE = YES;
				IPHONEOS_DEPLOYMENT_TARGET = 16.4;
				MARKETING_VERSION = 1.0;
				PRODUCT_BUNDLE_IDENTIFIER = com.loinsir.DaguerreotypeTests;
				PRODUCT_NAME = "$(TARGET_NAME)";
				SWIFT_EMIT_LOC_STRINGS = NO;
				SWIFT_VERSION = 5.0;
				TARGETED_DEVICE_FAMILY = "1,2";
				TEST_HOST = "$(BUILT_PRODUCTS_DIR)/Daguerreotype.app/$(BUNDLE_EXECUTABLE_FOLDER_PATH)/Daguerreotype";
			};
			name = Release;
		};
		19C7F04A2A129A11004D7148 /* Debug */ = {
			isa = XCBuildConfiguration;
			buildSettings = {
				ALWAYS_EMBED_SWIFT_STANDARD_LIBRARIES = YES;
				CODE_SIGN_STYLE = Automatic;
				CURRENT_PROJECT_VERSION = 1;
				DEVELOPMENT_TEAM = K2VAN9GH96;
				GENERATE_INFOPLIST_FILE = YES;
				MARKETING_VERSION = 1.0;
				PRODUCT_BUNDLE_IDENTIFIER = com.loinsir.DaguerreotypeUITests;
				PRODUCT_NAME = "$(TARGET_NAME)";
				SWIFT_EMIT_LOC_STRINGS = NO;
				SWIFT_VERSION = 5.0;
				TARGETED_DEVICE_FAMILY = "1,2";
				TEST_TARGET_NAME = Daguerreotype;
			};
			name = Debug;
		};
		19C7F04B2A129A11004D7148 /* Release */ = {
			isa = XCBuildConfiguration;
			buildSettings = {
				ALWAYS_EMBED_SWIFT_STANDARD_LIBRARIES = YES;
				CODE_SIGN_STYLE = Automatic;
				CURRENT_PROJECT_VERSION = 1;
				DEVELOPMENT_TEAM = K2VAN9GH96;
				GENERATE_INFOPLIST_FILE = YES;
				MARKETING_VERSION = 1.0;
				PRODUCT_BUNDLE_IDENTIFIER = com.loinsir.DaguerreotypeUITests;
				PRODUCT_NAME = "$(TARGET_NAME)";
				SWIFT_EMIT_LOC_STRINGS = NO;
				SWIFT_VERSION = 5.0;
				TARGETED_DEVICE_FAMILY = "1,2";
				TEST_TARGET_NAME = Daguerreotype;
			};
			name = Release;
		};
/* End XCBuildConfiguration section */

/* Begin XCConfigurationList section */
		19C7F01A2A129A10004D7148 /* Build configuration list for PBXProject "Daguerreotype" */ = {
			isa = XCConfigurationList;
			buildConfigurations = (
				19C7F0412A129A11004D7148 /* Debug */,
				19C7F0422A129A11004D7148 /* Release */,
			);
			defaultConfigurationIsVisible = 0;
			defaultConfigurationName = Release;
		};
		19C7F0432A129A11004D7148 /* Build configuration list for PBXNativeTarget "Daguerreotype" */ = {
			isa = XCConfigurationList;
			buildConfigurations = (
				19C7F0442A129A11004D7148 /* Debug */,
				19C7F0452A129A11004D7148 /* Release */,
			);
			defaultConfigurationIsVisible = 0;
			defaultConfigurationName = Release;
		};
		19C7F0462A129A11004D7148 /* Build configuration list for PBXNativeTarget "DaguerreotypeTests" */ = {
			isa = XCConfigurationList;
			buildConfigurations = (
				19C7F0472A129A11004D7148 /* Debug */,
				19C7F0482A129A11004D7148 /* Release */,
			);
			defaultConfigurationIsVisible = 0;
			defaultConfigurationName = Release;
		};
		19C7F0492A129A11004D7148 /* Build configuration list for PBXNativeTarget "DaguerreotypeUITests" */ = {
			isa = XCConfigurationList;
			buildConfigurations = (
				19C7F04A2A129A11004D7148 /* Debug */,
				19C7F04B2A129A11004D7148 /* Release */,
			);
			defaultConfigurationIsVisible = 0;
			defaultConfigurationName = Release;
		};
/* End XCConfigurationList section */
	};
	rootObject = 19C7F0172A129A10004D7148 /* Project object */;
}
